
Microsoft Visual Studio Solution File, Format Version 12.00
# Visual Studio 15
VisualStudioVersion = 15.0.28307.902
MinimumVisualStudioVersion = 10.0.40219.1
Project("{FAE04EC0-301F-11D3-BF4B-00C04F79EFBC}") = "DunDefReadyUpAnywhere", "DunDefReadyUpAnywhere\DunDefReadyUpAnywhere.csproj", "{113AEF55-9B0C-4AFA-8948-50B1B2471B79}"
EndProject
Global
	GlobalSection(SolutionConfigurationPlatforms) = preSolution
		Debug|Any CPU = Debug|Any CPU
		Release|Any CPU = Release|Any CPU
	EndGlobalSection
	GlobalSection(ProjectConfigurationPlatforms) = postSolution
		{113AEF55-9B0C-4AFA-8948-50B1B2471B79}.Debug|Any CPU.ActiveCfg = Debug|Any CPU
		{113AEF55-9B0C-4AFA-8948-50B1B2471B79}.Debug|Any CPU.Build.0 = Debug|Any CPU
		{113AEF55-9B0C-4AFA-8948-50B1B2471B79}.Release|Any CPU.ActiveCfg = Release|Any CPU
		{113AEF55-9B0C-4AFA-8948-50B1B2471B79}.Release|Any CPU.Build.0 = Release|Any CPU
	EndGlobalSection
	GlobalSection(SolutionProperties) = preSolution
		HideSolutionNode = FALSE
	EndGlobalSection
	GlobalSection(ExtensibilityGlobals) = postSolution
		SolutionGuid = {BC070B1A-E7ED-4D01-B065-503BB14E48F3}
	EndGlobalSection
EndGlobal
